
Microsoft Visual Studio Solution File, Format Version 12.00
# Visual Studio 2015
Project("{FAE04EC0-301F-11D3-BF4B-00C04F79EFBC}") = "Hooray.CSharp", "Hooray.CSharp.csproj", "{EF584871-5454-CBEC-F623-E39FCBC5AACB}"
EndProject
Project("{FAE04EC0-301F-11D3-BF4B-00C04F79EFBC}") = "Hooray.CSharp.Editor", "Hooray.CSharp.Editor.csproj", "{9E499F25-7105-9189-65F2-7E7A6ED936A8}"
EndProject
Global
	GlobalSection(SolutionConfigurationPlatforms) = preSolution
		Debug|Any CPU = Debug|Any CPU
		Release|Any CPU = Release|Any CPU
	EndGlobalSection
	GlobalSection(ProjectConfigurationPlatforms) = postSolution
		{EF584871-5454-CBEC-F623-E39FCBC5AACB}.Debug|Any CPU.ActiveCfg = Debug|Any CPU
		{EF584871-5454-CBEC-F623-E39FCBC5AACB}.Debug|Any CPU.Build.0 = Debug|Any CPU
		{EF584871-5454-CBEC-F623-E39FCBC5AACB}.Release|Any CPU.ActiveCfg = Release|Any CPU
		{EF584871-5454-CBEC-F623-E39FCBC5AACB}.Release|Any CPU.Build.0 = Release|Any CPU
		{9E499F25-7105-9189-65F2-7E7A6ED936A8}.Debug|Any CPU.ActiveCfg = Debug|Any CPU
		{9E499F25-7105-9189-65F2-7E7A6ED936A8}.Debug|Any CPU.Build.0 = Debug|Any CPU
		{9E499F25-7105-9189-65F2-7E7A6ED936A8}.Release|Any CPU.ActiveCfg = Release|Any CPU
		{9E499F25-7105-9189-65F2-7E7A6ED936A8}.Release|Any CPU.Build.0 = Release|Any CPU
	EndGlobalSection
	GlobalSection(SolutionProperties) = preSolution
		HideSolutionNode = FALSE
	EndGlobalSection
EndGlobal
